// !$*UTF8*$!
{
	archiveVersion = 1;
	classes = {
	};
	objectVersion = 46;
	objects = {

/* Begin PBXBuildFile section */
		3C00EADA1946AC7B00E2BC87 /* TTAddCustomWorkPeriodViewController.m in Sources */ = {isa = PBXBuildFile; fileRef = 3C00EAD81946AC7A00E2BC87 /* TTAddCustomWorkPeriodViewController.m */; };
		3C00EADB1946AC7B00E2BC87 /* TTAddCustomWorkPeriodViewController.xib in Resources */ = {isa = PBXBuildFile; fileRef = 3C00EAD91946AC7A00E2BC87 /* TTAddCustomWorkPeriodViewController.xib */; };
		3C3A8F1A19437E85004C2E0A /* TTListTableViewController.m in Sources */ = {isa = PBXBuildFile; fileRef = 3C3A8F1819437E85004C2E0A /* TTListTableViewController.m */; };
		3C3A8F1B19437E85004C2E0A /* TTListTableViewController.xib in Resources */ = {isa = PBXBuildFile; fileRef = 3C3A8F1919437E85004C2E0A /* TTListTableViewController.xib */; };
		3C3A8F1E19438CF9004C2E0A /* TTListTableViewDatasource.m in Sources */ = {isa = PBXBuildFile; fileRef = 3C3A8F1D19438CF9004C2E0A /* TTListTableViewDatasource.m */; };
		3C3A8F2419439417004C2E0A /* TTProjectController.m in Sources */ = {isa = PBXBuildFile; fileRef = 3C3A8F2319439417004C2E0A /* TTProjectController.m */; };
		3C3A8F2719439431004C2E0A /* TTProject.m in Sources */ = {isa = PBXBuildFile; fileRef = 3C3A8F2619439431004C2E0A /* TTProject.m */; };
		3C3A8F2A1943986C004C2E0A /* TTWorkPeriod.m in Sources */ = {isa = PBXBuildFile; fileRef = 3C3A8F291943986C004C2E0A /* TTWorkPeriod.m */; };
		3C3A8F3419439DB7004C2E0A /* TTProjectDetailViewController.m in Sources */ = {isa = PBXBuildFile; fileRef = 3C3A8F3219439DB7004C2E0A /* TTProjectDetailViewController.m */; };
		3C3A8F3519439DB7004C2E0A /* TTProjectDetailViewController.xib in Resources */ = {isa = PBXBuildFile; fileRef = 3C3A8F3319439DB7004C2E0A /* TTProjectDetailViewController.xib */; };
		3C3AC78A1942B3C800BCBA6B /* POIntroViewController.m in Sources */ = {isa = PBXBuildFile; fileRef = 3C3AC7881942B3C800BCBA6B /* POIntroViewController.m */; };
		3C3AC78B1942B3C800BCBA6B /* POIntroViewController.xib in Resources */ = {isa = PBXBuildFile; fileRef = 3C3AC7891942B3C800BCBA6B /* POIntroViewController.xib */; };
		3C413963193EB90E00A4F262 /* POTimerViewController.m in Sources */ = {isa = PBXBuildFile; fileRef = 3C413961193EB90E00A4F262 /* POTimerViewController.m */; };
		3C413964193EB90E00A4F262 /* POTimerViewController.xib in Resources */ = {isa = PBXBuildFile; fileRef = 3C413962193EB90E00A4F262 /* POTimerViewController.xib */; };
		3C413968193EB92E00A4F262 /* POListViewController.m in Sources */ = {isa = PBXBuildFile; fileRef = 3C413966193EB92E00A4F262 /* POListViewController.m */; };
		3C413969193EB92E00A4F262 /* POListViewController.xib in Resources */ = {isa = PBXBuildFile; fileRef = 3C413967193EB92E00A4F262 /* POListViewController.xib */; };
		3C6F3F9619400A0000CF6D20 /* POAppearance.m in Sources */ = {isa = PBXBuildFile; fileRef = 3C6F3F9519400A0000CF6D20 /* POAppearance.m */; };
		3C835C3D194D47FC0045E6B1 /* CoreData.framework in Frameworks */ = {isa = PBXBuildFile; fileRef = 3C835C3C194D47FC0045E6B1 /* CoreData.framework */; };
		3C835C40194D48A70045E6B1 /* ObjectModel.xcdatamodeld in Sources */ = {isa = PBXBuildFile; fileRef = 3C835C3E194D48A70045E6B1 /* ObjectModel.xcdatamodeld */; };
		3C835C4D1950E0EE0045E6B1 /* WorkPeriod.m in Sources */ = {isa = PBXBuildFile; fileRef = 3C835C4C1950E0EE0045E6B1 /* WorkPeriod.m */; };
		3C835C501950E0EF0045E6B1 /* Project.m in Sources */ = {isa = PBXBuildFile; fileRef = 3C835C4F1950E0EF0045E6B1 /* Project.m */; };
		3CA06877194A429F00DB24CA /* POAddToProjectViewController.m in Sources */ = {isa = PBXBuildFile; fileRef = 3CA06875194A429F00DB24CA /* POAddToProjectViewController.m */; };
		3CA06878194A429F00DB24CA /* POAddToProjectViewController.xib in Resources */ = {isa = PBXBuildFile; fileRef = 3CA06876194A429F00DB24CA /* POAddToProjectViewController.xib */; };
		7141B2E6193DBDFD0084F9F1 /* Foundation.framework in Frameworks */ = {isa = PBXBuildFile; fileRef = 7141B2E5193DBDFD0084F9F1 /* Foundation.framework */; };
		7141B2E8193DBDFD0084F9F1 /* CoreGraphics.framework in Frameworks */ = {isa = PBXBuildFile; fileRef = 7141B2E7193DBDFD0084F9F1 /* CoreGraphics.framework */; };
		7141B2EA193DBDFD0084F9F1 /* UIKit.framework in Frameworks */ = {isa = PBXBuildFile; fileRef = 7141B2E9193DBDFD0084F9F1 /* UIKit.framework */; };
		7141B2F0193DBDFD0084F9F1 /* InfoPlist.strings in Resources */ = {isa = PBXBuildFile; fileRef = 7141B2EE193DBDFD0084F9F1 /* InfoPlist.strings */; };
		7141B2F2193DBDFD0084F9F1 /* main.m in Sources */ = {isa = PBXBuildFile; fileRef = 7141B2F1193DBDFD0084F9F1 /* main.m */; };
		7141B2F6193DBDFD0084F9F1 /* POAppDelegate.m in Sources */ = {isa = PBXBuildFile; fileRef = 7141B2F5193DBDFD0084F9F1 /* POAppDelegate.m */; };
		7141B2F8193DBDFD0084F9F1 /* Images.xcassets in Resources */ = {isa = PBXBuildFile; fileRef = 7141B2F7193DBDFD0084F9F1 /* Images.xcassets */; };
		7141B2FF193DBDFE0084F9F1 /* XCTest.framework in Frameworks */ = {isa = PBXBuildFile; fileRef = 7141B2FE193DBDFE0084F9F1 /* XCTest.framework */; };
		7141B300193DBDFE0084F9F1 /* Foundation.framework in Frameworks */ = {isa = PBXBuildFile; fileRef = 7141B2E5193DBDFD0084F9F1 /* Foundation.framework */; };
		7141B301193DBDFE0084F9F1 /* UIKit.framework in Frameworks */ = {isa = PBXBuildFile; fileRef = 7141B2E9193DBDFD0084F9F1 /* UIKit.framework */; };
		7141B309193DBDFE0084F9F1 /* InfoPlist.strings in Resources */ = {isa = PBXBuildFile; fileRef = 7141B307193DBDFE0084F9F1 /* InfoPlist.strings */; };
		7141B30B193DBDFE0084F9F1 /* The_PomodoroTests.m in Sources */ = {isa = PBXBuildFile; fileRef = 7141B30A193DBDFE0084F9F1 /* The_PomodoroTests.m */; };
/* End PBXBuildFile section */

/* Begin PBXContainerItemProxy section */
		7141B302193DBDFE0084F9F1 /* PBXContainerItemProxy */ = {
			isa = PBXContainerItemProxy;
			containerPortal = 7141B2DA193DBDFD0084F9F1 /* Project object */;
			proxyType = 1;
			remoteGlobalIDString = 7141B2E1193DBDFD0084F9F1;
			remoteInfo = "The Pomodoro";
		};
/* End PBXContainerItemProxy section */

/* Begin PBXFileReference section */
		3C00EAD71946AC7A00E2BC87 /* TTAddCustomWorkPeriodViewController.h */ = {isa = PBXFileReference; fileEncoding = 4; lastKnownFileType = sourcecode.c.h; lineEnding = 0; path = TTAddCustomWorkPeriodViewController.h; sourceTree = "<group>"; xcLanguageSpecificationIdentifier = xcode.lang.objcpp; };
		3C00EAD81946AC7A00E2BC87 /* TTAddCustomWorkPeriodViewController.m */ = {isa = PBXFileReference; fileEncoding = 4; lastKnownFileType = sourcecode.c.objc; path = TTAddCustomWorkPeriodViewController.m; sourceTree = "<group>"; };
		3C00EAD91946AC7A00E2BC87 /* TTAddCustomWorkPeriodViewController.xib */ = {isa = PBXFileReference; fileEncoding = 4; lastKnownFileType = file.xib; path = TTAddCustomWorkPeriodViewController.xib; sourceTree = "<group>"; };
		3C3A8F1719437E85004C2E0A /* TTListTableViewController.h */ = {isa = PBXFileReference; fileEncoding = 4; lastKnownFileType = sourcecode.c.h; path = TTListTableViewController.h; sourceTree = "<group>"; };
		3C3A8F1819437E85004C2E0A /* TTListTableViewController.m */ = {isa = PBXFileReference; fileEncoding = 4; lastKnownFileType = sourcecode.c.objc; path = TTListTableViewController.m; sourceTree = "<group>"; };
		3C3A8F1919437E85004C2E0A /* TTListTableViewController.xib */ = {isa = PBXFileReference; fileEncoding = 4; lastKnownFileType = file.xib; path = TTListTableViewController.xib; sourceTree = "<group>"; };
		3C3A8F1C19438CF9004C2E0A /* TTListTableViewDatasource.h */ = {isa = PBXFileReference; fileEncoding = 4; lastKnownFileType = sourcecode.c.h; path = TTListTableViewDatasource.h; sourceTree = "<group>"; };
		3C3A8F1D19438CF9004C2E0A /* TTListTableViewDatasource.m */ = {isa = PBXFileReference; fileEncoding = 4; lastKnownFileType = sourcecode.c.objc; path = TTListTableViewDatasource.m; sourceTree = "<group>"; };
		3C3A8F2219439417004C2E0A /* TTProjectController.h */ = {isa = PBXFileReference; fileEncoding = 4; lastKnownFileType = sourcecode.c.h; lineEnding = 0; path = TTProjectController.h; sourceTree = "<group>"; xcLanguageSpecificationIdentifier = xcode.lang.objcpp; };
		3C3A8F2319439417004C2E0A /* TTProjectController.m */ = {isa = PBXFileReference; fileEncoding = 4; lastKnownFileType = sourcecode.c.objc; path = TTProjectController.m; sourceTree = "<group>"; };
		3C3A8F2519439431004C2E0A /* TTProject.h */ = {isa = PBXFileReference; fileEncoding = 4; lastKnownFileType = sourcecode.c.h; lineEnding = 0; path = TTProject.h; sourceTree = "<group>"; xcLanguageSpecificationIdentifier = xcode.lang.objcpp; };
		3C3A8F2619439431004C2E0A /* TTProject.m */ = {isa = PBXFileReference; fileEncoding = 4; lastKnownFileType = sourcecode.c.objc; lineEnding = 0; path = TTProject.m; sourceTree = "<group>"; xcLanguageSpecificationIdentifier = xcode.lang.objc; };
		3C3A8F281943986C004C2E0A /* TTWorkPeriod.h */ = {isa = PBXFileReference; fileEncoding = 4; lastKnownFileType = sourcecode.c.h; lineEnding = 0; path = TTWorkPeriod.h; sourceTree = "<group>"; xcLanguageSpecificationIdentifier = xcode.lang.objcpp; };
		3C3A8F291943986C004C2E0A /* TTWorkPeriod.m */ = {isa = PBXFileReference; fileEncoding = 4; lastKnownFileType = sourcecode.c.objc; lineEnding = 0; path = TTWorkPeriod.m; sourceTree = "<group>"; xcLanguageSpecificationIdentifier = xcode.lang.objc; };
		3C3A8F3119439DB7004C2E0A /* TTProjectDetailViewController.h */ = {isa = PBXFileReference; fileEncoding = 4; lastKnownFileType = sourcecode.c.h; path = TTProjectDetailViewController.h; sourceTree = "<group>"; };
		3C3A8F3219439DB7004C2E0A /* TTProjectDetailViewController.m */ = {isa = PBXFileReference; fileEncoding = 4; lastKnownFileType = sourcecode.c.objc; lineEnding = 0; path = TTProjectDetailViewController.m; sourceTree = "<group>"; xcLanguageSpecificationIdentifier = xcode.lang.objc; };
		3C3A8F3319439DB7004C2E0A /* TTProjectDetailViewController.xib */ = {isa = PBXFileReference; fileEncoding = 4; lastKnownFileType = file.xib; path = TTProjectDetailViewController.xib; sourceTree = "<group>"; };
		3C3AC7871942B3C800BCBA6B /* POIntroViewController.h */ = {isa = PBXFileReference; fileEncoding = 4; lastKnownFileType = sourcecode.c.h; name = POIntroViewController.h; path = ../POIntroViewController.h; sourceTree = "<group>"; };
		3C3AC7881942B3C800BCBA6B /* POIntroViewController.m */ = {isa = PBXFileReference; fileEncoding = 4; lastKnownFileType = sourcecode.c.objc; name = POIntroViewController.m; path = ../POIntroViewController.m; sourceTree = "<group>"; };
		3C3AC7891942B3C800BCBA6B /* POIntroViewController.xib */ = {isa = PBXFileReference; fileEncoding = 4; lastKnownFileType = file.xib; name = POIntroViewController.xib; path = ../POIntroViewController.xib; sourceTree = "<group>"; };
		3C413960193EB90E00A4F262 /* POTimerViewController.h */ = {isa = PBXFileReference; fileEncoding = 4; lastKnownFileType = sourcecode.c.h; name = POTimerViewController.h; path = ../POTimerViewController.h; sourceTree = "<group>"; };
		3C413961193EB90E00A4F262 /* POTimerViewController.m */ = {isa = PBXFileReference; fileEncoding = 4; lastKnownFileType = sourcecode.c.objc; name = POTimerViewController.m; path = ../POTimerViewController.m; sourceTree = "<group>"; };
		3C413962193EB90E00A4F262 /* POTimerViewController.xib */ = {isa = PBXFileReference; fileEncoding = 4; lastKnownFileType = file.xib; name = POTimerViewController.xib; path = ../POTimerViewController.xib; sourceTree = "<group>"; };
		3C413965193EB92E00A4F262 /* POListViewController.h */ = {isa = PBXFileReference; fileEncoding = 4; lastKnownFileType = sourcecode.c.h; name = POListViewController.h; path = ../POListViewController.h; sourceTree = "<group>"; };
		3C413966193EB92E00A4F262 /* POListViewController.m */ = {isa = PBXFileReference; fileEncoding = 4; lastKnownFileType = sourcecode.c.objc; lineEnding = 0; name = POListViewController.m; path = ../POListViewController.m; sourceTree = "<group>"; xcLanguageSpecificationIdentifier = xcode.lang.objc; };
		3C413967193EB92E00A4F262 /* POListViewController.xib */ = {isa = PBXFileReference; fileEncoding = 4; lastKnownFileType = file.xib; name = POListViewController.xib; path = ../POListViewController.xib; sourceTree = "<group>"; };
		3C6F3F9419400A0000CF6D20 /* POAppearance.h */ = {isa = PBXFileReference; fileEncoding = 4; lastKnownFileType = sourcecode.c.h; name = POAppearance.h; path = "The Pomodoro/POAppearance.h"; sourceTree = "<group>"; };
		3C6F3F9519400A0000CF6D20 /* POAppearance.m */ = {isa = PBXFileReference; fileEncoding = 4; lastKnownFileType = sourcecode.c.objc; name = POAppearance.m; path = "The Pomodoro/POAppearance.m"; sourceTree = "<group>"; };
		3C835C3C194D47FC0045E6B1 /* CoreData.framework */ = {isa = PBXFileReference; lastKnownFileType = wrapper.framework; name = CoreData.framework; path = System/Library/Frameworks/CoreData.framework; sourceTree = SDKROOT; };
		3C835C3F194D48A70045E6B1 /* ObjectModel.xcdatamodel */ = {isa = PBXFileReference; lastKnownFileType = wrapper.xcdatamodel; path = ObjectModel.xcdatamodel; sourceTree = "<group>"; };
		3C835C4B1950E0EE0045E6B1 /* WorkPeriod.h */ = {isa = PBXFileReference; fileEncoding = 4; lastKnownFileType = sourcecode.c.h; path = WorkPeriod.h; sourceTree = "<group>"; };
		3C835C4C1950E0EE0045E6B1 /* WorkPeriod.m */ = {isa = PBXFileReference; fileEncoding = 4; lastKnownFileType = sourcecode.c.objc; path = WorkPeriod.m; sourceTree = "<group>"; };
		3C835C4E1950E0EF0045E6B1 /* Project.h */ = {isa = PBXFileReference; fileEncoding = 4; lastKnownFileType = sourcecode.c.h; path = Project.h; sourceTree = "<group>"; };
		3C835C4F1950E0EF0045E6B1 /* Project.m */ = {isa = PBXFileReference; fileEncoding = 4; lastKnownFileType = sourcecode.c.objc; path = Project.m; sourceTree = "<group>"; };
		3CA06874194A429F00DB24CA /* POAddToProjectViewController.h */ = {isa = PBXFileReference; fileEncoding = 4; lastKnownFileType = sourcecode.c.h; path = POAddToProjectViewController.h; sourceTree = "<group>"; };
		3CA06875194A429F00DB24CA /* POAddToProjectViewController.m */ = {isa = PBXFileReference; fileEncoding = 4; lastKnownFileType = sourcecode.c.objc; path = POAddToProjectViewController.m; sourceTree = "<group>"; };
		3CA06876194A429F00DB24CA /* POAddToProjectViewController.xib */ = {isa = PBXFileReference; fileEncoding = 4; lastKnownFileType = file.xib; path = POAddToProjectViewController.xib; sourceTree = "<group>"; };
		7141B2E2193DBDFD0084F9F1 /* Wired In.app */ = {isa = PBXFileReference; explicitFileType = wrapper.application; includeInIndex = 0; path = "Wired In.app"; sourceTree = BUILT_PRODUCTS_DIR; };
		7141B2E5193DBDFD0084F9F1 /* Foundation.framework */ = {isa = PBXFileReference; lastKnownFileType = wrapper.framework; name = Foundation.framework; path = System/Library/Frameworks/Foundation.framework; sourceTree = SDKROOT; };
		7141B2E7193DBDFD0084F9F1 /* CoreGraphics.framework */ = {isa = PBXFileReference; lastKnownFileType = wrapper.framework; name = CoreGraphics.framework; path = System/Library/Frameworks/CoreGraphics.framework; sourceTree = SDKROOT; };
		7141B2E9193DBDFD0084F9F1 /* UIKit.framework */ = {isa = PBXFileReference; lastKnownFileType = wrapper.framework; name = UIKit.framework; path = System/Library/Frameworks/UIKit.framework; sourceTree = SDKROOT; };
		7141B2ED193DBDFD0084F9F1 /* Wired In-Info.plist */ = {isa = PBXFileReference; lastKnownFileType = text.plist.xml; path = "Wired In-Info.plist"; sourceTree = "<group>"; };
		7141B2EF193DBDFD0084F9F1 /* en */ = {isa = PBXFileReference; lastKnownFileType = text.plist.strings; name = en; path = en.lproj/InfoPlist.strings; sourceTree = "<group>"; };
		7141B2F1193DBDFD0084F9F1 /* main.m */ = {isa = PBXFileReference; lastKnownFileType = sourcecode.c.objc; path = main.m; sourceTree = "<group>"; };
		7141B2F3193DBDFD0084F9F1 /* Wired In-Prefix.pch */ = {isa = PBXFileReference; lastKnownFileType = sourcecode.c.h; path = "Wired In-Prefix.pch"; sourceTree = "<group>"; };
		7141B2F4193DBDFD0084F9F1 /* POAppDelegate.h */ = {isa = PBXFileReference; lastKnownFileType = sourcecode.c.h; name = POAppDelegate.h; path = "The Pomodoro/POAppDelegate.h"; sourceTree = "<group>"; };
		7141B2F5193DBDFD0084F9F1 /* POAppDelegate.m */ = {isa = PBXFileReference; lastKnownFileType = sourcecode.c.objc; name = POAppDelegate.m; path = "The Pomodoro/POAppDelegate.m"; sourceTree = "<group>"; };
		7141B2F7193DBDFD0084F9F1 /* Images.xcassets */ = {isa = PBXFileReference; lastKnownFileType = folder.assetcatalog; path = Images.xcassets; sourceTree = "<group>"; };
		7141B2FD193DBDFE0084F9F1 /* Wired InTests.xctest */ = {isa = PBXFileReference; explicitFileType = wrapper.cfbundle; includeInIndex = 0; path = "Wired InTests.xctest"; sourceTree = BUILT_PRODUCTS_DIR; };
		7141B2FE193DBDFE0084F9F1 /* XCTest.framework */ = {isa = PBXFileReference; lastKnownFileType = wrapper.framework; name = XCTest.framework; path = Library/Frameworks/XCTest.framework; sourceTree = DEVELOPER_DIR; };
		7141B306193DBDFE0084F9F1 /* Wired InTests-Info.plist */ = {isa = PBXFileReference; lastKnownFileType = text.plist.xml; path = "Wired InTests-Info.plist"; sourceTree = "<group>"; };
		7141B308193DBDFE0084F9F1 /* en */ = {isa = PBXFileReference; lastKnownFileType = text.plist.strings; name = en; path = en.lproj/InfoPlist.strings; sourceTree = "<group>"; };
		7141B30A193DBDFE0084F9F1 /* The_PomodoroTests.m */ = {isa = PBXFileReference; lastKnownFileType = sourcecode.c.objc; path = The_PomodoroTests.m; sourceTree = "<group>"; };
/* End PBXFileReference section */

/* Begin PBXFrameworksBuildPhase section */
		7141B2DF193DBDFD0084F9F1 /* Frameworks */ = {
			isa = PBXFrameworksBuildPhase;
			buildActionMask = 2147483647;
			files = (
				3C835C3D194D47FC0045E6B1 /* CoreData.framework in Frameworks */,
				7141B2E8193DBDFD0084F9F1 /* CoreGraphics.framework in Frameworks */,
				7141B2EA193DBDFD0084F9F1 /* UIKit.framework in Frameworks */,
				7141B2E6193DBDFD0084F9F1 /* Foundation.framework in Frameworks */,
			);
			runOnlyForDeploymentPostprocessing = 0;
		};
		7141B2FA193DBDFE0084F9F1 /* Frameworks */ = {
			isa = PBXFrameworksBuildPhase;
			buildActionMask = 2147483647;
			files = (
				7141B2FF193DBDFE0084F9F1 /* XCTest.framework in Frameworks */,
				7141B301193DBDFE0084F9F1 /* UIKit.framework in Frameworks */,
				7141B300193DBDFE0084F9F1 /* Foundation.framework in Frameworks */,
			);
			runOnlyForDeploymentPostprocessing = 0;
		};
/* End PBXFrameworksBuildPhase section */

/* Begin PBXGroup section */
		3C3A8F1619437E2F004C2E0A /* Project List */ = {
			isa = PBXGroup;
			children = (
				3C3A8F3019439D8C004C2E0A /* List View */,
				3C3A8F3619439DC4004C2E0A /* Project Detail View */,
				3C3A8F2E19439D6C004C2E0A /* Project Object */,
				3C3A8F2F19439D73004C2E0A /* Work Period Object */,
			);
			name = "Project List";
			sourceTree = "<group>";
		};
		3C3A8F2E19439D6C004C2E0A /* Project Object */ = {
			isa = PBXGroup;
			children = (
				3C835C4E1950E0EF0045E6B1 /* Project.h */,
				3C835C4F1950E0EF0045E6B1 /* Project.m */,
				3C3A8F2519439431004C2E0A /* TTProject.h */,
				3C3A8F2619439431004C2E0A /* TTProject.m */,
				3C3A8F2219439417004C2E0A /* TTProjectController.h */,
				3C3A8F2319439417004C2E0A /* TTProjectController.m */,
			);
			name = "Project Object";
			sourceTree = "<group>";
		};
		3C3A8F2F19439D73004C2E0A /* Work Period Object */ = {
			isa = PBXGroup;
			children = (
				3C835C4B1950E0EE0045E6B1 /* WorkPeriod.h */,
				3C835C4C1950E0EE0045E6B1 /* WorkPeriod.m */,
				3C3A8F281943986C004C2E0A /* TTWorkPeriod.h */,
				3C3A8F291943986C004C2E0A /* TTWorkPeriod.m */,
			);
			name = "Work Period Object";
			sourceTree = "<group>";
		};
		3C3A8F3019439D8C004C2E0A /* List View */ = {
			isa = PBXGroup;
			children = (
				3C3A8F1719437E85004C2E0A /* TTListTableViewController.h */,
				3C3A8F1819437E85004C2E0A /* TTListTableViewController.m */,
				3C3A8F1919437E85004C2E0A /* TTListTableViewController.xib */,
				3C3A8F1C19438CF9004C2E0A /* TTListTableViewDatasource.h */,
				3C3A8F1D19438CF9004C2E0A /* TTListTableViewDatasource.m */,
			);
			name = "List View";
			sourceTree = "<group>";
		};
		3C3A8F3619439DC4004C2E0A /* Project Detail View */ = {
			isa = PBXGroup;
			children = (
				3C3A8F3119439DB7004C2E0A /* TTProjectDetailViewController.h */,
				3C3A8F3219439DB7004C2E0A /* TTProjectDetailViewController.m */,
				3C3A8F3319439DB7004C2E0A /* TTProjectDetailViewController.xib */,
				3C00EAD71946AC7A00E2BC87 /* TTAddCustomWorkPeriodViewController.h */,
				3C00EAD81946AC7A00E2BC87 /* TTAddCustomWorkPeriodViewController.m */,
				3C00EAD91946AC7A00E2BC87 /* TTAddCustomWorkPeriodViewController.xib */,
			);
			name = "Project Detail View";
			sourceTree = "<group>";
		};
		3C3AC7811942B10100BCBA6B /* Intro */ = {
			isa = PBXGroup;
			children = (
				3C3AC7871942B3C800BCBA6B /* POIntroViewController.h */,
				3C3AC7881942B3C800BCBA6B /* POIntroViewController.m */,
				3C3AC7891942B3C800BCBA6B /* POIntroViewController.xib */,
			);
			name = Intro;
			sourceTree = "<group>";
		};
		3C413955193EAE6000A4F262 /* Timer */ = {
			isa = PBXGroup;
			children = (
				3C413960193EB90E00A4F262 /* POTimerViewController.h */,
				3C413961193EB90E00A4F262 /* POTimerViewController.m */,
				3C413962193EB90E00A4F262 /* POTimerViewController.xib */,
			);
			name = Timer;
			sourceTree = "<group>";
		};
		3C413956193EAE7900A4F262 /* List */ = {
			isa = PBXGroup;
			children = (
				3C413965193EB92E00A4F262 /* POListViewController.h */,
				3C413966193EB92E00A4F262 /* POListViewController.m */,
				3C413967193EB92E00A4F262 /* POListViewController.xib */,
			);
			name = List;
			sourceTree = "<group>";
		};
		3CA06879194A42AC00DB24CA /* Add Round to Project */ = {
			isa = PBXGroup;
			children = (
				3CA06874194A429F00DB24CA /* POAddToProjectViewController.h */,
				3CA06875194A429F00DB24CA /* POAddToProjectViewController.m */,
				3CA06876194A429F00DB24CA /* POAddToProjectViewController.xib */,
			);
			name = "Add Round to Project";
			sourceTree = "<group>";
		};
		7141B2D9193DBDFD0084F9F1 = {
			isa = PBXGroup;
			children = (
				7141B2F4193DBDFD0084F9F1 /* POAppDelegate.h */,
				7141B2F5193DBDFD0084F9F1 /* POAppDelegate.m */,
				3C6F3F9419400A0000CF6D20 /* POAppearance.h */,
				3C6F3F9519400A0000CF6D20 /* POAppearance.m */,
				3C835C3E194D48A70045E6B1 /* ObjectModel.xcdatamodeld */,
				3C3A8F1619437E2F004C2E0A /* Project List */,
				7141B2EB193DBDFD0084F9F1 /* The Pomodoro */,
				7141B304193DBDFE0084F9F1 /* The PomodoroTests */,
				7141B2E4193DBDFD0084F9F1 /* Frameworks */,
				7141B2E3193DBDFD0084F9F1 /* Products */,
			);
			sourceTree = "<group>";
		};
		7141B2E3193DBDFD0084F9F1 /* Products */ = {
			isa = PBXGroup;
			children = (
				7141B2E2193DBDFD0084F9F1 /* Wired In.app */,
				7141B2FD193DBDFE0084F9F1 /* Wired InTests.xctest */,
			);
			name = Products;
			sourceTree = "<group>";
		};
		7141B2E4193DBDFD0084F9F1 /* Frameworks */ = {
			isa = PBXGroup;
			children = (
				3C835C3C194D47FC0045E6B1 /* CoreData.framework */,
				7141B2E5193DBDFD0084F9F1 /* Foundation.framework */,
				7141B2E7193DBDFD0084F9F1 /* CoreGraphics.framework */,
				7141B2E9193DBDFD0084F9F1 /* UIKit.framework */,
				7141B2FE193DBDFE0084F9F1 /* XCTest.framework */,
			);
			name = Frameworks;
			sourceTree = "<group>";
		};
		7141B2EB193DBDFD0084F9F1 /* The Pomodoro */ = {
			isa = PBXGroup;
			children = (
				3C413955193EAE6000A4F262 /* Timer */,
				3C413956193EAE7900A4F262 /* List */,
				3CA06879194A42AC00DB24CA /* Add Round to Project */,
				3C3AC7811942B10100BCBA6B /* Intro */,
				7141B2F7193DBDFD0084F9F1 /* Images.xcassets */,
				7141B2EC193DBDFD0084F9F1 /* Supporting Files */,
			);
			path = "The Pomodoro";
			sourceTree = "<group>";
		};
		7141B2EC193DBDFD0084F9F1 /* Supporting Files */ = {
			isa = PBXGroup;
			children = (
				7141B2ED193DBDFD0084F9F1 /* Wired In-Info.plist */,
				7141B2EE193DBDFD0084F9F1 /* InfoPlist.strings */,
				7141B2F1193DBDFD0084F9F1 /* main.m */,
				7141B2F3193DBDFD0084F9F1 /* Wired In-Prefix.pch */,
			);
			name = "Supporting Files";
			sourceTree = "<group>";
		};
		7141B304193DBDFE0084F9F1 /* The PomodoroTests */ = {
			isa = PBXGroup;
			children = (
				7141B30A193DBDFE0084F9F1 /* The_PomodoroTests.m */,
				7141B305193DBDFE0084F9F1 /* Supporting Files */,
			);
			path = "The PomodoroTests";
			sourceTree = "<group>";
		};
		7141B305193DBDFE0084F9F1 /* Supporting Files */ = {
			isa = PBXGroup;
			children = (
				7141B306193DBDFE0084F9F1 /* Wired InTests-Info.plist */,
				7141B307193DBDFE0084F9F1 /* InfoPlist.strings */,
			);
			name = "Supporting Files";
			sourceTree = "<group>";
		};
/* End PBXGroup section */

/* Begin PBXNativeTarget section */
		7141B2E1193DBDFD0084F9F1 /* Wired In */ = {
			isa = PBXNativeTarget;
			buildConfigurationList = 7141B30E193DBDFE0084F9F1 /* Build configuration list for PBXNativeTarget "Wired In" */;
			buildPhases = (
				7141B2DE193DBDFD0084F9F1 /* Sources */,
				7141B2DF193DBDFD0084F9F1 /* Frameworks */,
				7141B2E0193DBDFD0084F9F1 /* Resources */,
			);
			buildRules = (
			);
			dependencies = (
			);
			name = "Wired In";
			productName = "The Pomodoro";
			productReference = 7141B2E2193DBDFD0084F9F1 /* Wired In.app */;
			productType = "com.apple.product-type.application";
		};
		7141B2FC193DBDFE0084F9F1 /* Wired InTests */ = {
			isa = PBXNativeTarget;
			buildConfigurationList = 7141B311193DBDFE0084F9F1 /* Build configuration list for PBXNativeTarget "Wired InTests" */;
			buildPhases = (
				7141B2F9193DBDFE0084F9F1 /* Sources */,
				7141B2FA193DBDFE0084F9F1 /* Frameworks */,
				7141B2FB193DBDFE0084F9F1 /* Resources */,
			);
			buildRules = (
			);
			dependencies = (
				7141B303193DBDFE0084F9F1 /* PBXTargetDependency */,
			);
			name = "Wired InTests";
			productName = "The PomodoroTests";
			productReference = 7141B2FD193DBDFE0084F9F1 /* Wired InTests.xctest */;
			productType = "com.apple.product-type.bundle.unit-test";
		};
/* End PBXNativeTarget section */

/* Begin PBXProject section */
		7141B2DA193DBDFD0084F9F1 /* Project object */ = {
			isa = PBXProject;
			attributes = {
				CLASSPREFIX = PO;
				LastUpgradeCheck = 0510;
				ORGANIZATIONNAME = DevMountain;
				TargetAttributes = {
					7141B2E1193DBDFD0084F9F1 = {
						DevelopmentTeam = 7DR9SLF8Y4;
					};
					7141B2FC193DBDFE0084F9F1 = {
						TestTargetID = 7141B2E1193DBDFD0084F9F1;
					};
				};
			};
			buildConfigurationList = 7141B2DD193DBDFD0084F9F1 /* Build configuration list for PBXProject "Wired In" */;
			compatibilityVersion = "Xcode 3.2";
			developmentRegion = English;
			hasScannedForEncodings = 0;
			knownRegions = (
				en,
			);
			mainGroup = 7141B2D9193DBDFD0084F9F1;
			productRefGroup = 7141B2E3193DBDFD0084F9F1 /* Products */;
			projectDirPath = "";
			projectRoot = "";
			targets = (
				7141B2E1193DBDFD0084F9F1 /* Wired In */,
				7141B2FC193DBDFE0084F9F1 /* Wired InTests */,
			);
		};
/* End PBXProject section */

/* Begin PBXResourcesBuildPhase section */
		7141B2E0193DBDFD0084F9F1 /* Resources */ = {
			isa = PBXResourcesBuildPhase;
			buildActionMask = 2147483647;
			files = (
				3C413964193EB90E00A4F262 /* POTimerViewController.xib in Resources */,
				3C00EADB1946AC7B00E2BC87 /* TTAddCustomWorkPeriodViewController.xib in Resources */,
				3C3A8F3519439DB7004C2E0A /* TTProjectDetailViewController.xib in Resources */,
				7141B2F0193DBDFD0084F9F1 /* InfoPlist.strings in Resources */,
				3CA06878194A429F00DB24CA /* POAddToProjectViewController.xib in Resources */,
				7141B2F8193DBDFD0084F9F1 /* Images.xcassets in Resources */,
				3C3A8F1B19437E85004C2E0A /* TTListTableViewController.xib in Resources */,
				3C413969193EB92E00A4F262 /* POListViewController.xib in Resources */,
				3C3AC78B1942B3C800BCBA6B /* POIntroViewController.xib in Resources */,
			);
			runOnlyForDeploymentPostprocessing = 0;
		};
		7141B2FB193DBDFE0084F9F1 /* Resources */ = {
			isa = PBXResourcesBuildPhase;
			buildActionMask = 2147483647;
			files = (
				7141B309193DBDFE0084F9F1 /* InfoPlist.strings in Resources */,
			);
			runOnlyForDeploymentPostprocessing = 0;
		};
/* End PBXResourcesBuildPhase section */

/* Begin PBXSourcesBuildPhase section */
		7141B2DE193DBDFD0084F9F1 /* Sources */ = {
			isa = PBXSourcesBuildPhase;
			buildActionMask = 2147483647;
			files = (
				3C3A8F1E19438CF9004C2E0A /* TTListTableViewDatasource.m in Sources */,
				3C3A8F2719439431004C2E0A /* TTProject.m in Sources */,
				3C3A8F2A1943986C004C2E0A /* TTWorkPeriod.m in Sources */,
				3C3A8F1A19437E85004C2E0A /* TTListTableViewController.m in Sources */,
				3C00EADA1946AC7B00E2BC87 /* TTAddCustomWorkPeriodViewController.m in Sources */,
				3C3A8F2419439417004C2E0A /* TTProjectController.m in Sources */,
				3C3AC78A1942B3C800BCBA6B /* POIntroViewController.m in Sources */,
				3C413963193EB90E00A4F262 /* POTimerViewController.m in Sources */,
				3C835C40194D48A70045E6B1 /* ObjectModel.xcdatamodeld in Sources */,
				7141B2F2193DBDFD0084F9F1 /* main.m in Sources */,
				3C6F3F9619400A0000CF6D20 /* POAppearance.m in Sources */,
				3CA06877194A429F00DB24CA /* POAddToProjectViewController.m in Sources */,
				3C3A8F3419439DB7004C2E0A /* TTProjectDetailViewController.m in Sources */,
				3C835C4D1950E0EE0045E6B1 /* WorkPeriod.m in Sources */,
				7141B2F6193DBDFD0084F9F1 /* POAppDelegate.m in Sources */,
				3C835C501950E0EF0045E6B1 /* Project.m in Sources */,
				3C413968193EB92E00A4F262 /* POListViewController.m in Sources */,
			);
			runOnlyForDeploymentPostprocessing = 0;
		};
		7141B2F9193DBDFE0084F9F1 /* Sources */ = {
			isa = PBXSourcesBuildPhase;
			buildActionMask = 2147483647;
			files = (
				7141B30B193DBDFE0084F9F1 /* The_PomodoroTests.m in Sources */,
			);
			runOnlyForDeploymentPostprocessing = 0;
		};
/* End PBXSourcesBuildPhase section */

/* Begin PBXTargetDependency section */
		7141B303193DBDFE0084F9F1 /* PBXTargetDependency */ = {
			isa = PBXTargetDependency;
			target = 7141B2E1193DBDFD0084F9F1 /* Wired In */;
			targetProxy = 7141B302193DBDFE0084F9F1 /* PBXContainerItemProxy */;
		};
/* End PBXTargetDependency section */

/* Begin PBXVariantGroup section */
		7141B2EE193DBDFD0084F9F1 /* InfoPlist.strings */ = {
			isa = PBXVariantGroup;
			children = (
				7141B2EF193DBDFD0084F9F1 /* en */,
			);
			name = InfoPlist.strings;
			sourceTree = "<group>";
		};
		7141B307193DBDFE0084F9F1 /* InfoPlist.strings */ = {
			isa = PBXVariantGroup;
			children = (
				7141B308193DBDFE0084F9F1 /* en */,
			);
			name = InfoPlist.strings;
			sourceTree = "<group>";
		};
/* End PBXVariantGroup section */

/* Begin XCBuildConfiguration section */
		7141B30C193DBDFE0084F9F1 /* Debug */ = {
			isa = XCBuildConfiguration;
			buildSettings = {
				ALWAYS_SEARCH_USER_PATHS = NO;
				CLANG_CXX_LANGUAGE_STANDARD = "gnu++0x";
				CLANG_CXX_LIBRARY = "libc++";
				CLANG_ENABLE_MODULES = YES;
				CLANG_ENABLE_OBJC_ARC = YES;
				CLANG_WARN_BOOL_CONVERSION = YES;
				CLANG_WARN_CONSTANT_CONVERSION = YES;
				CLANG_WARN_DIRECT_OBJC_ISA_USAGE = YES_ERROR;
				CLANG_WARN_EMPTY_BODY = YES;
				CLANG_WARN_ENUM_CONVERSION = YES;
				CLANG_WARN_INT_CONVERSION = YES;
				CLANG_WARN_OBJC_ROOT_CLASS = YES_ERROR;
				CLANG_WARN__DUPLICATE_METHOD_MATCH = YES;
				"CODE_SIGN_IDENTITY[sdk=iphoneos*]" = "iPhone Developer";
				COPY_PHASE_STRIP = NO;
				GCC_C_LANGUAGE_STANDARD = gnu99;
				GCC_DYNAMIC_NO_PIC = NO;
				GCC_OPTIMIZATION_LEVEL = 0;
				GCC_PREPROCESSOR_DEFINITIONS = (
					"DEBUG=1",
					"$(inherited)",
				);
				GCC_SYMBOLS_PRIVATE_EXTERN = NO;
				GCC_WARN_64_TO_32_BIT_CONVERSION = YES;
				GCC_WARN_ABOUT_RETURN_TYPE = YES_ERROR;
				GCC_WARN_UNDECLARED_SELECTOR = YES;
				GCC_WARN_UNINITIALIZED_AUTOS = YES_AGGRESSIVE;
				GCC_WARN_UNUSED_FUNCTION = YES;
				GCC_WARN_UNUSED_VARIABLE = YES;
				IPHONEOS_DEPLOYMENT_TARGET = 7.1;
				ONLY_ACTIVE_ARCH = YES;
				SDKROOT = iphoneos;
			};
			name = Debug;
		};
		7141B30D193DBDFE0084F9F1 /* Release */ = {
			isa = XCBuildConfiguration;
			buildSettings = {
				ALWAYS_SEARCH_USER_PATHS = NO;
				CLANG_CXX_LANGUAGE_STANDARD = "gnu++0x";
				CLANG_CXX_LIBRARY = "libc++";
				CLANG_ENABLE_MODULES = YES;
				CLANG_ENABLE_OBJC_ARC = YES;
				CLANG_WARN_BOOL_CONVERSION = YES;
				CLANG_WARN_CONSTANT_CONVERSION = YES;
				CLANG_WARN_DIRECT_OBJC_ISA_USAGE = YES_ERROR;
				CLANG_WARN_EMPTY_BODY = YES;
				CLANG_WARN_ENUM_CONVERSION = YES;
				CLANG_WARN_INT_CONVERSION = YES;
				CLANG_WARN_OBJC_ROOT_CLASS = YES_ERROR;
				CLANG_WARN__DUPLICATE_METHOD_MATCH = YES;
				"CODE_SIGN_IDENTITY[sdk=iphoneos*]" = "iPhone Developer";
				COPY_PHASE_STRIP = YES;
				ENABLE_NS_ASSERTIONS = NO;
				GCC_C_LANGUAGE_STANDARD = gnu99;
				GCC_WARN_64_TO_32_BIT_CONVERSION = YES;
				GCC_WARN_ABOUT_RETURN_TYPE = YES_ERROR;
				GCC_WARN_UNDECLARED_SELECTOR = YES;
				GCC_WARN_UNINITIALIZED_AUTOS = YES_AGGRESSIVE;
				GCC_WARN_UNUSED_FUNCTION = YES;
				GCC_WARN_UNUSED_VARIABLE = YES;
				IPHONEOS_DEPLOYMENT_TARGET = 7.1;
				SDKROOT = iphoneos;
				VALIDATE_PRODUCT = YES;
			};
			name = Release;
		};
		7141B30F193DBDFE0084F9F1 /* Debug */ = {
			isa = XCBuildConfiguration;
			buildSettings = {
				ASSETCATALOG_COMPILER_APPICON_NAME = AppIcon;
				ASSETCATALOG_COMPILER_LAUNCHIMAGE_NAME = LaunchImage;
				CODE_SIGN_IDENTITY = "iPhone Developer";
				"CODE_SIGN_IDENTITY[sdk=iphoneos*]" = "iPhone Developer";
				GCC_PRECOMPILE_PREFIX_HEADER = YES;
				GCC_PREFIX_HEADER = "The Pomodoro/Wired In-Prefix.pch";
				INFOPLIST_FILE = "The Pomodoro/Wired In-Info.plist";
				PRODUCT_NAME = "Wired In";
				PROVISIONING_PROFILE = "";
				WRAPPER_EXTENSION = app;
			};
			name = Debug;
		};
		7141B310193DBDFE0084F9F1 /* Release */ = {
			isa = XCBuildConfiguration;
			buildSettings = {
				ASSETCATALOG_COMPILER_APPICON_NAME = AppIcon;
				ASSETCATALOG_COMPILER_LAUNCHIMAGE_NAME = LaunchImage;
				CODE_SIGN_IDENTITY = "iPhone Developer";
				"CODE_SIGN_IDENTITY[sdk=iphoneos*]" = "iPhone Developer";
				GCC_PRECOMPILE_PREFIX_HEADER = YES;
				GCC_PREFIX_HEADER = "The Pomodoro/Wired In-Prefix.pch";
				INFOPLIST_FILE = "The Pomodoro/Wired In-Info.plist";
				PRODUCT_NAME = "Wired In";
				PROVISIONING_PROFILE = "";
				WRAPPER_EXTENSION = app;
			};
			name = Release;
		};
		7141B312193DBDFE0084F9F1 /* Debug */ = {
			isa = XCBuildConfiguration;
			buildSettings = {
				BUNDLE_LOADER = "$(BUILT_PRODUCTS_DIR)/The Pomodoro.app/The Pomodoro";
				FRAMEWORK_SEARCH_PATHS = (
					"$(SDKROOT)/Developer/Library/Frameworks",
					"$(inherited)",
					"$(DEVELOPER_FRAMEWORKS_DIR)",
				);
				GCC_PRECOMPILE_PREFIX_HEADER = YES;
				GCC_PREFIX_HEADER = "The Pomodoro/The Pomodoro-Prefix.pch";
				GCC_PREPROCESSOR_DEFINITIONS = (
					"DEBUG=1",
					"$(inherited)",
				);
				INFOPLIST_FILE = "The PomodoroTests/Wired InTests-Info.plist";
				PRODUCT_NAME = "Wired InTests";
				TEST_HOST = "$(BUNDLE_LOADER)";
				WRAPPER_EXTENSION = xctest;
			};
			name = Debug;
		};
		7141B313193DBDFE0084F9F1 /* Release */ = {
			isa = XCBuildConfiguration;
			buildSettings = {
				BUNDLE_LOADER = "$(BUILT_PRODUCTS_DIR)/The Pomodoro.app/The Pomodoro";
				FRAMEWORK_SEARCH_PATHS = (
					"$(SDKROOT)/Developer/Library/Frameworks",
					"$(inherited)",
					"$(DEVELOPER_FRAMEWORKS_DIR)",
				);
				GCC_PRECOMPILE_PREFIX_HEADER = YES;
				GCC_PREFIX_HEADER = "The Pomodoro/The Pomodoro-Prefix.pch";
				INFOPLIST_FILE = "The PomodoroTests/Wired InTests-Info.plist";
				PRODUCT_NAME = "Wired InTests";
				TEST_HOST = "$(BUNDLE_LOADER)";
				WRAPPER_EXTENSION = xctest;
			};
			name = Release;
		};
/* End XCBuildConfiguration section */

/* Begin XCConfigurationList section */
		7141B2DD193DBDFD0084F9F1 /* Build configuration list for PBXProject "Wired In" */ = {
			isa = XCConfigurationList;
			buildConfigurations = (
				7141B30C193DBDFE0084F9F1 /* Debug */,
				7141B30D193DBDFE0084F9F1 /* Release */,
			);
			defaultConfigurationIsVisible = 0;
			defaultConfigurationName = Release;
		};
		7141B30E193DBDFE0084F9F1 /* Build configuration list for PBXNativeTarget "Wired In" */ = {
			isa = XCConfigurationList;
			buildConfigurations = (
				7141B30F193DBDFE0084F9F1 /* Debug */,
				7141B310193DBDFE0084F9F1 /* Release */,
			);
			defaultConfigurationIsVisible = 0;
			defaultConfigurationName = Release;
		};
		7141B311193DBDFE0084F9F1 /* Build configuration list for PBXNativeTarget "Wired InTests" */ = {
			isa = XCConfigurationList;
			buildConfigurations = (
				7141B312193DBDFE0084F9F1 /* Debug */,
				7141B313193DBDFE0084F9F1 /* Release */,
			);
			defaultConfigurationIsVisible = 0;
			defaultConfigurationName = Release;
		};
/* End XCConfigurationList section */

/* Begin XCVersionGroup section */
		3C835C3E194D48A70045E6B1 /* ObjectModel.xcdatamodeld */ = {
			isa = XCVersionGroup;
			children = (
				3C835C3F194D48A70045E6B1 /* ObjectModel.xcdatamodel */,
			);
			currentVersion = 3C835C3F194D48A70045E6B1 /* ObjectModel.xcdatamodel */;
			name = ObjectModel.xcdatamodeld;
			path = "The Pomodoro/ObjectModel.xcdatamodeld";
			sourceTree = "<group>";
			versionGroupType = wrapper.xcdatamodel;
		};
/* End XCVersionGroup section */
	};
	rootObject = 7141B2DA193DBDFD0084F9F1 /* Project object */;
}
